
Microsoft Visual Studio Solution File, Format Version 12.00
# Visual Studio Version 17
VisualStudioVersion = 17.3.32929.385
MinimumVisualStudioVersion = 10.0.40219.1
Project("{FAE04EC0-301F-11D3-BF4B-00C04F79EFBC}") = "CodeWarsSolutions", "CodeWarsSolutions\CodeWarsSolutions.csproj", "{08EC8DFB-A631-449B-8923-9BB3525E1DAC}"
EndProject
Global
	GlobalSection(SolutionConfigurationPlatforms) = preSolution
		Debug|Any CPU = Debug|Any CPU
		Release|Any CPU = Release|Any CPU
	EndGlobalSection
	GlobalSection(ProjectConfigurationPlatforms) = postSolution
		{08EC8DFB-A631-449B-8923-9BB3525E1DAC}.Debug|Any CPU.ActiveCfg = Debug|Any CPU
		{08EC8DFB-A631-449B-8923-9BB3525E1DAC}.Debug|Any CPU.Build.0 = Debug|Any CPU
		{08EC8DFB-A631-449B-8923-9BB3525E1DAC}.Release|Any CPU.ActiveCfg = Release|Any CPU
		{08EC8DFB-A631-449B-8923-9BB3525E1DAC}.Release|Any CPU.Build.0 = Release|Any CPU
	EndGlobalSection
	GlobalSection(SolutionProperties) = preSolution
		HideSolutionNode = FALSE
	EndGlobalSection
	GlobalSection(ExtensibilityGlobals) = postSolution
		SolutionGuid = {1C916D2E-1C6A-43BE-8DF9-1FA1B4CC1BC8}
	EndGlobalSection
EndGlobal
